
Microsoft Visual Studio Solution File, Format Version 12.00
# Visual Studio Version 16
VisualStudioVersion = 16.0.30225.117
MinimumVisualStudioVersion = 10.0.40219.1
Project("{FAE04EC0-301F-11D3-BF4B-00C04F79EFBC}") = "TaskTracker", "TaskTracker\TaskTracker.csproj", "{CF77EAC0-F95F-43FD-9CA8-0BE991957423}"
EndProject
Global
	GlobalSection(SolutionConfigurationPlatforms) = preSolution
		Debug|Any CPU = Debug|Any CPU
		Release|Any CPU = Release|Any CPU
	EndGlobalSection
	GlobalSection(ProjectConfigurationPlatforms) = postSolution
		{CF77EAC0-F95F-43FD-9CA8-0BE991957423}.Debug|Any CPU.ActiveCfg = Debug|Any CPU
		{CF77EAC0-F95F-43FD-9CA8-0BE991957423}.Debug|Any CPU.Build.0 = Debug|Any CPU
		{CF77EAC0-F95F-43FD-9CA8-0BE991957423}.Release|Any CPU.ActiveCfg = Release|Any CPU
		{CF77EAC0-F95F-43FD-9CA8-0BE991957423}.Release|Any CPU.Build.0 = Release|Any CPU
	EndGlobalSection
	GlobalSection(SolutionProperties) = preSolution
		HideSolutionNode = FALSE
	EndGlobalSection
	GlobalSection(ExtensibilityGlobals) = postSolution
		SolutionGuid = {3F007C75-D740-4728-8446-CF9E4B8B1909}
	EndGlobalSection
EndGlobal
